// !$*UTF8*$!
{
	archiveVersion = 1;
	classes = {
	};
	objectVersion = 50;
	objects = {

/* Begin PBXBuildFile section */
		717FFA71223799A9002E5C3B /* AppDelegate.swift in Sources */ = {isa = PBXBuildFile; fileRef = 717FFA70223799A9002E5C3B /* AppDelegate.swift */; };
		717FFA73223799A9002E5C3B /* ViewController.swift in Sources */ = {isa = PBXBuildFile; fileRef = 717FFA72223799A9002E5C3B /* ViewController.swift */; };
		717FFA76223799A9002E5C3B /* Main.storyboard in Resources */ = {isa = PBXBuildFile; fileRef = 717FFA74223799A9002E5C3B /* Main.storyboard */; };
		717FFA78223799AB002E5C3B /* Assets.xcassets in Resources */ = {isa = PBXBuildFile; fileRef = 717FFA77223799AB002E5C3B /* Assets.xcassets */; };
		717FFA7B223799AB002E5C3B /* LaunchScreen.storyboard in Resources */ = {isa = PBXBuildFile; fileRef = 717FFA79223799AB002E5C3B /* LaunchScreen.storyboard */; };
		717FFA86223799AB002E5C3B /* ExperimentTests.swift in Sources */ = {isa = PBXBuildFile; fileRef = 717FFA85223799AB002E5C3B /* ExperimentTests.swift */; };
		717FFA91223799AB002E5C3B /* ExperimentUITests.swift in Sources */ = {isa = PBXBuildFile; fileRef = 717FFA90223799AB002E5C3B /* ExperimentUITests.swift */; };
/* End PBXBuildFile section */

/* Begin PBXContainerItemProxy section */
		717FFA82223799AB002E5C3B /* PBXContainerItemProxy */ = {
			isa = PBXContainerItemProxy;
			containerPortal = 717FFA65223799A9002E5C3B /* Project object */;
			proxyType = 1;
			remoteGlobalIDString = 717FFA6C223799A9002E5C3B;
			remoteInfo = Experiment;
		};
		717FFA8D223799AB002E5C3B /* PBXContainerItemProxy */ = {
			isa = PBXContainerItemProxy;
			containerPortal = 717FFA65223799A9002E5C3B /* Project object */;
			proxyType = 1;
			remoteGlobalIDString = 717FFA6C223799A9002E5C3B;
			remoteInfo = Experiment;
		};
/* End PBXContainerItemProxy section */

/* Begin PBXFileReference section */
		717FFA6D223799A9002E5C3B /* Experiment.app */ = {isa = PBXFileReference; explicitFileType = wrapper.application; includeInIndex = 0; path = Experiment.app; sourceTree = BUILT_PRODUCTS_DIR; };
		717FFA70223799A9002E5C3B /* AppDelegate.swift */ = {isa = PBXFileReference; lastKnownFileType = sourcecode.swift; path = AppDelegate.swift; sourceTree = "<group>"; };
		717FFA72223799A9002E5C3B /* ViewController.swift */ = {isa = PBXFileReference; lastKnownFileType = sourcecode.swift; path = ViewController.swift; sourceTree = "<group>"; };
		717FFA75223799A9002E5C3B /* Base */ = {isa = PBXFileReference; lastKnownFileType = file.storyboard; name = Base; path = Base.lproj/Main.storyboard; sourceTree = "<group>"; };
		717FFA77223799AB002E5C3B /* Assets.xcassets */ = {isa = PBXFileReference; lastKnownFileType = folder.assetcatalog; path = Assets.xcassets; sourceTree = "<group>"; };
		717FFA7A223799AB002E5C3B /* Base */ = {isa = PBXFileReference; lastKnownFileType = file.storyboard; name = Base; path = Base.lproj/LaunchScreen.storyboard; sourceTree = "<group>"; };
		717FFA7C223799AB002E5C3B /* Info.plist */ = {isa = PBXFileReference; lastKnownFileType = text.plist.xml; path = Info.plist; sourceTree = "<group>"; };
		717FFA81223799AB002E5C3B /* ExperimentTests.xctest */ = {isa = PBXFileReference; explicitFileType = wrapper.cfbundle; includeInIndex = 0; path = ExperimentTests.xctest; sourceTree = BUILT_PRODUCTS_DIR; };
		717FFA85223799AB002E5C3B /* ExperimentTests.swift */ = {isa = PBXFileReference; lastKnownFileType = sourcecode.swift; path = ExperimentTests.swift; sourceTree = "<group>"; };
		717FFA87223799AB002E5C3B /* Info.plist */ = {isa = PBXFileReference; lastKnownFileType = text.plist.xml; path = Info.plist; sourceTree = "<group>"; };
		717FFA8C223799AB002E5C3B /* ExperimentUITests.xctest */ = {isa = PBXFileReference; explicitFileType = wrapper.cfbundle; includeInIndex = 0; path = ExperimentUITests.xctest; sourceTree = BUILT_PRODUCTS_DIR; };
		717FFA90223799AB002E5C3B /* ExperimentUITests.swift */ = {isa = PBXFileReference; lastKnownFileType = sourcecode.swift; path = ExperimentUITests.swift; sourceTree = "<group>"; };
		717FFA92223799AB002E5C3B /* Info.plist */ = {isa = PBXFileReference; lastKnownFileType = text.plist.xml; path = Info.plist; sourceTree = "<group>"; };
/* End PBXFileReference section */

/* Begin PBXFrameworksBuildPhase section */
		717FFA6A223799A9002E5C3B /* Frameworks */ = {
			isa = PBXFrameworksBuildPhase;
			buildActionMask = 2147483647;
			files = (
			);
			runOnlyForDeploymentPostprocessing = 0;
		};
		717FFA7E223799AB002E5C3B /* Frameworks */ = {
			isa = PBXFrameworksBuildPhase;
			buildActionMask = 2147483647;
			files = (
			);
			runOnlyForDeploymentPostprocessing = 0;
		};
		717FFA89223799AB002E5C3B /* Frameworks */ = {
			isa = PBXFrameworksBuildPhase;
			buildActionMask = 2147483647;
			files = (
			);
			runOnlyForDeploymentPostprocessing = 0;
		};
/* End PBXFrameworksBuildPhase section */

/* Begin PBXGroup section */
		717FFA64223799A9002E5C3B = {
			isa = PBXGroup;
			children = (
				717FFA6F223799A9002E5C3B /* Experiment */,
				717FFA84223799AB002E5C3B /* ExperimentTests */,
				717FFA8F223799AB002E5C3B /* ExperimentUITests */,
				717FFA6E223799A9002E5C3B /* Products */,
			);
			sourceTree = "<group>";
		};
		717FFA6E223799A9002E5C3B /* Products */ = {
			isa = PBXGroup;
			children = (
				717FFA6D223799A9002E5C3B /* Experiment.app */,
				717FFA81223799AB002E5C3B /* ExperimentTests.xctest */,
				717FFA8C223799AB002E5C3B /* ExperimentUITests.xctest */,
			);
			name = Products;
			sourceTree = "<group>";
		};
		717FFA6F223799A9002E5C3B /* Experiment */ = {
			isa = PBXGroup;
			children = (
				717FFA70223799A9002E5C3B /* AppDelegate.swift */,
				717FFA72223799A9002E5C3B /* ViewController.swift */,
				717FFA74223799A9002E5C3B /* Main.storyboard */,
				717FFA77223799AB002E5C3B /* Assets.xcassets */,
				717FFA79223799AB002E5C3B /* LaunchScreen.storyboard */,
				717FFA7C223799AB002E5C3B /* Info.plist */,
			);
			path = Experiment;
			sourceTree = "<group>";
		};
		717FFA84223799AB002E5C3B /* ExperimentTests */ = {
			isa = PBXGroup;
			children = (
				717FFA85223799AB002E5C3B /* ExperimentTests.swift */,
				717FFA87223799AB002E5C3B /* Info.plist */,
			);
			path = ExperimentTests;
			sourceTree = "<group>";
		};
		717FFA8F223799AB002E5C3B /* ExperimentUITests */ = {
			isa = PBXGroup;
			children = (
				717FFA90223799AB002E5C3B /* ExperimentUITests.swift */,
				717FFA92223799AB002E5C3B /* Info.plist */,
			);
			path = ExperimentUITests;
			sourceTree = "<group>";
		};
/* End PBXGroup section */

/* Begin PBXNativeTarget section */
		717FFA6C223799A9002E5C3B /* Experiment */ = {
			isa = PBXNativeTarget;
			buildConfigurationList = 717FFA95223799AB002E5C3B /* Build configuration list for PBXNativeTarget "Experiment" */;
			buildPhases = (
				717FFA69223799A9002E5C3B /* Sources */,
				717FFA6A223799A9002E5C3B /* Frameworks */,
				717FFA6B223799A9002E5C3B /* Resources */,
			);
			buildRules = (
			);
			dependencies = (
			);
			name = Experiment;
			productName = Experiment;
			productReference = 717FFA6D223799A9002E5C3B /* Experiment.app */;
			productType = "com.apple.product-type.application";
		};
		717FFA80223799AB002E5C3B /* ExperimentTests */ = {
			isa = PBXNativeTarget;
			buildConfigurationList = 717FFA98223799AB002E5C3B /* Build configuration list for PBXNativeTarget "ExperimentTests" */;
			buildPhases = (
				717FFA7D223799AB002E5C3B /* Sources */,
				717FFA7E223799AB002E5C3B /* Frameworks */,
				717FFA7F223799AB002E5C3B /* Resources */,
			);
			buildRules = (
			);
			dependencies = (
				717FFA83223799AB002E5C3B /* PBXTargetDependency */,
			);
			name = ExperimentTests;
			productName = ExperimentTests;
			productReference = 717FFA81223799AB002E5C3B /* ExperimentTests.xctest */;
			productType = "com.apple.product-type.bundle.unit-test";
		};
		717FFA8B223799AB002E5C3B /* ExperimentUITests */ = {
			isa = PBXNativeTarget;
			buildConfigurationList = 717FFA9B223799AB002E5C3B /* Build configuration list for PBXNativeTarget "ExperimentUITests" */;
			buildPhases = (
				717FFA88223799AB002E5C3B /* Sources */,
				717FFA89223799AB002E5C3B /* Frameworks */,
				717FFA8A223799AB002E5C3B /* Resources */,
			);
			buildRules = (
			);
			dependencies = (
				717FFA8E223799AB002E5C3B /* PBXTargetDependency */,
			);
			name = ExperimentUITests;
			productName = ExperimentUITests;
			productReference = 717FFA8C223799AB002E5C3B /* ExperimentUITests.xctest */;
			productType = "com.apple.product-type.bundle.ui-testing";
		};
/* End PBXNativeTarget section */

/* Begin PBXProject section */
		717FFA65223799A9002E5C3B /* Project object */ = {
			isa = PBXProject;
			attributes = {
				LastSwiftUpdateCheck = 1010;
				LastUpgradeCheck = 1010;
				ORGANIZATIONNAME = Stockbit;
				TargetAttributes = {
					717FFA6C223799A9002E5C3B = {
						CreatedOnToolsVersion = 10.1;
					};
					717FFA80223799AB002E5C3B = {
						CreatedOnToolsVersion = 10.1;
						TestTargetID = 717FFA6C223799A9002E5C3B;
					};
					717FFA8B223799AB002E5C3B = {
						CreatedOnToolsVersion = 10.1;
						TestTargetID = 717FFA6C223799A9002E5C3B;
					};
				};
			};
			buildConfigurationList = 717FFA68223799A9002E5C3B /* Build configuration list for PBXProject "Experiment" */;
			compatibilityVersion = "Xcode 9.3";
			developmentRegion = en;
			hasScannedForEncodings = 0;
			knownRegions = (
				en,
				Base,
			);
			mainGroup = 717FFA64223799A9002E5C3B;
			productRefGroup = 717FFA6E223799A9002E5C3B /* Products */;
			projectDirPath = "";
			projectRoot = "";
			targets = (
				717FFA6C223799A9002E5C3B /* Experiment */,
				717FFA80223799AB002E5C3B /* ExperimentTests */,
				717FFA8B223799AB002E5C3B /* ExperimentUITests */,
			);
		};
/* End PBXProject section */

/* Begin PBXResourcesBuildPhase section */
		717FFA6B223799A9002E5C3B /* Resources */ = {
			isa = PBXResourcesBuildPhase;
			buildActionMask = 2147483647;
			files = (
				717FFA7B223799AB002E5C3B /* LaunchScreen.storyboard in Resources */,
				717FFA78223799AB002E5C3B /* Assets.xcassets in Resources */,
				717FFA76223799A9002E5C3B /* Main.storyboard in Resources */,
			);
			runOnlyForDeploymentPostprocessing = 0;
		};
		717FFA7F223799AB002E5C3B /* Resources */ = {
			isa = PBXResourcesBuildPhase;
			buildActionMask = 2147483647;
			files = (
			);
			runOnlyForDeploymentPostprocessing = 0;
		};
		717FFA8A223799AB002E5C3B /* Resources */ = {
			isa = PBXResourcesBuildPhase;
			buildActionMask = 2147483647;
			files = (
			);
			runOnlyForDeploymentPostprocessing = 0;
		};
/* End PBXResourcesBuildPhase section */

/* Begin PBXSourcesBuildPhase section */
		717FFA69223799A9002E5C3B /* Sources */ = {
			isa = PBXSourcesBuildPhase;
			buildActionMask = 2147483647;
			files = (
				717FFA73223799A9002E5C3B /* ViewController.swift in Sources */,
				717FFA71223799A9002E5C3B /* AppDelegate.swift in Sources */,
			);
			runOnlyForDeploymentPostprocessing = 0;
		};
		717FFA7D223799AB002E5C3B /* Sources */ = {
			isa = PBXSourcesBuildPhase;
			buildActionMask = 2147483647;
			files = (
				717FFA86223799AB002E5C3B /* ExperimentTests.swift in Sources */,
			);
			runOnlyForDeploymentPostprocessing = 0;
		};
		717FFA88223799AB002E5C3B /* Sources */ = {
			isa = PBXSourcesBuildPhase;
			buildActionMask = 2147483647;
			files = (
				717FFA91223799AB002E5C3B /* ExperimentUITests.swift in Sources */,
			);
			runOnlyForDeploymentPostprocessing = 0;
		};
/* End PBXSourcesBuildPhase section */

/* Begin PBXTargetDependency section */
		717FFA83223799AB002E5C3B /* PBXTargetDependency */ = {
			isa = PBXTargetDependency;
			target = 717FFA6C223799A9002E5C3B /* Experiment */;
			targetProxy = 717FFA82223799AB002E5C3B /* PBXContainerItemProxy */;
		};
		717FFA8E223799AB002E5C3B /* PBXTargetDependency */ = {
			isa = PBXTargetDependency;
			target = 717FFA6C223799A9002E5C3B /* Experiment */;
			targetProxy = 717FFA8D223799AB002E5C3B /* PBXContainerItemProxy */;
		};
/* End PBXTargetDependency section */

/* Begin PBXVariantGroup section */
		717FFA74223799A9002E5C3B /* Main.storyboard */ = {
			isa = PBXVariantGroup;
			children = (
				717FFA75223799A9002E5C3B /* Base */,
			);
			name = Main.storyboard;
			sourceTree = "<group>";
		};
		717FFA79223799AB002E5C3B /* LaunchScreen.storyboard */ = {
			isa = PBXVariantGroup;
			children = (
				717FFA7A223799AB002E5C3B /* Base */,
			);
			name = LaunchScreen.storyboard;
			sourceTree = "<group>";
		};
/* End PBXVariantGroup section */

/* Begin XCBuildConfiguration section */
		717FFA93223799AB002E5C3B /* Debug */ = {
			isa = XCBuildConfiguration;
			buildSettings = {
				ALWAYS_SEARCH_USER_PATHS = NO;
				CLANG_ANALYZER_NONNULL = YES;
				CLANG_ANALYZER_NUMBER_OBJECT_CONVERSION = YES_AGGRESSIVE;
				CLANG_CXX_LANGUAGE_STANDARD = "gnu++14";
				CLANG_CXX_LIBRARY = "libc++";
				CLANG_ENABLE_MODULES = YES;
				CLANG_ENABLE_OBJC_ARC = YES;
				CLANG_ENABLE_OBJC_WEAK = YES;
				CLANG_WARN_BLOCK_CAPTURE_AUTORELEASING = YES;
				CLANG_WARN_BOOL_CONVERSION = YES;
				CLANG_WARN_COMMA = YES;
				CLANG_WARN_CONSTANT_CONVERSION = YES;
				CLANG_WARN_DEPRECATED_OBJC_IMPLEMENTATIONS = YES;
				CLANG_WARN_DIRECT_OBJC_ISA_USAGE = YES_ERROR;
				CLANG_WARN_DOCUMENTATION_COMMENTS = YES;
				CLANG_WARN_EMPTY_BODY = YES;
				CLANG_WARN_ENUM_CONVERSION = YES;
				CLANG_WARN_INFINITE_RECURSION = YES;
				CLANG_WARN_INT_CONVERSION = YES;
				CLANG_WARN_NON_LITERAL_NULL_CONVERSION = YES;
				CLANG_WARN_OBJC_IMPLICIT_RETAIN_SELF = YES;
				CLANG_WARN_OBJC_LITERAL_CONVERSION = YES;
				CLANG_WARN_OBJC_ROOT_CLASS = YES_ERROR;
				CLANG_WARN_RANGE_LOOP_ANALYSIS = YES;
				CLANG_WARN_STRICT_PROTOTYPES = YES;
				CLANG_WARN_SUSPICIOUS_MOVE = YES;
				CLANG_WARN_UNGUARDED_AVAILABILITY = YES_AGGRESSIVE;
				CLANG_WARN_UNREACHABLE_CODE = YES;
				CLANG_WARN__DUPLICATE_METHOD_MATCH = YES;
				CODE_SIGN_IDENTITY = "iPhone Developer";
				COPY_PHASE_STRIP = NO;
				DEBUG_INFORMATION_FORMAT = dwarf;
				ENABLE_STRICT_OBJC_MSGSEND = YES;
				ENABLE_TESTABILITY = YES;
				GCC_C_LANGUAGE_STANDARD = gnu11;
				GCC_DYNAMIC_NO_PIC = NO;
				GCC_NO_COMMON_BLOCKS = YES;
				GCC_OPTIMIZATION_LEVEL = 0;
				GCC_PREPROCESSOR_DEFINITIONS = (
					"DEBUG=1",
					"$(inherited)",
				);
				GCC_WARN_64_TO_32_BIT_CONVERSION = YES;
				GCC_WARN_ABOUT_RETURN_TYPE = YES_ERROR;
				GCC_WARN_UNDECLARED_SELECTOR = YES;
				GCC_WARN_UNINITIALIZED_AUTOS = YES_AGGRESSIVE;
				GCC_WARN_UNUSED_FUNCTION = YES;
				GCC_WARN_UNUSED_VARIABLE = YES;
				IPHONEOS_DEPLOYMENT_TARGET = 12.1;
				MTL_ENABLE_DEBUG_INFO = INCLUDE_SOURCE;
				MTL_FAST_MATH = YES;
				ONLY_ACTIVE_ARCH = YES;
				SDKROOT = iphoneos;
				SWIFT_ACTIVE_COMPILATION_CONDITIONS = DEBUG;
				SWIFT_OPTIMIZATION_LEVEL = "-Onone";
			};
			name = Debug;
		};
		717FFA94223799AB002E5C3B /* Release */ = {
			isa = XCBuildConfiguration;
			buildSettings = {
				ALWAYS_SEARCH_USER_PATHS = NO;
				CLANG_ANALYZER_NONNULL = YES;
				CLANG_ANALYZER_NUMBER_OBJECT_CONVERSION = YES_AGGRESSIVE;
				CLANG_CXX_LANGUAGE_STANDARD = "gnu++14";
				CLANG_CXX_LIBRARY = "libc++";
				CLANG_ENABLE_MODULES = YES;
				CLANG_ENABLE_OBJC_ARC = YES;
				CLANG_ENABLE_OBJC_WEAK = YES;
				CLANG_WARN_BLOCK_CAPTURE_AUTORELEASING = YES;
				CLANG_WARN_BOOL_CONVERSION = YES;
				CLANG_WARN_COMMA = YES;
				CLANG_WARN_CONSTANT_CONVERSION = YES;
				CLANG_WARN_DEPRECATED_OBJC_IMPLEMENTATIONS = YES;
				CLANG_WARN_DIRECT_OBJC_ISA_USAGE = YES_ERROR;
				CLANG_WARN_DOCUMENTATION_COMMENTS = YES;
				CLANG_WARN_EMPTY_BODY = YES;
				CLANG_WARN_ENUM_CONVERSION = YES;
				CLANG_WARN_INFINITE_RECURSION = YES;
				CLANG_WARN_INT_CONVERSION = YES;
				CLANG_WARN_NON_LITERAL_NULL_CONVERSION = YES;
				CLANG_WARN_OBJC_IMPLICIT_RETAIN_SELF = YES;
				CLANG_WARN_OBJC_LITERAL_CONVERSION = YES;
				CLANG_WARN_OBJC_ROOT_CLASS = YES_ERROR;
				CLANG_WARN_RANGE_LOOP_ANALYSIS = YES;
				CLANG_WARN_STRICT_PROTOTYPES = YES;
				CLANG_WARN_SUSPICIOUS_MOVE = YES;
				CLANG_WARN_UNGUARDED_AVAILABILITY = YES_AGGRESSIVE;
				CLANG_WARN_UNREACHABLE_CODE = YES;
				CLANG_WARN__DUPLICATE_METHOD_MATCH = YES;
				CODE_SIGN_IDENTITY = "iPhone Developer";
				COPY_PHASE_STRIP = NO;
				DEBUG_INFORMATION_FORMAT = "dwarf-with-dsym";
				ENABLE_NS_ASSERTIONS = NO;
				ENABLE_STRICT_OBJC_MSGSEND = YES;
				GCC_C_LANGUAGE_STANDARD = gnu11;
				GCC_NO_COMMON_BLOCKS = YES;
				GCC_WARN_64_TO_32_BIT_CONVERSION = YES;
				GCC_WARN_ABOUT_RETURN_TYPE = YES_ERROR;
				GCC_WARN_UNDECLARED_SELECTOR = YES;
				GCC_WARN_UNINITIALIZED_AUTOS = YES_AGGRESSIVE;
				GCC_WARN_UNUSED_FUNCTION = YES;
				GCC_WARN_UNUSED_VARIABLE = YES;
				IPHONEOS_DEPLOYMENT_TARGET = 12.1;
				MTL_ENABLE_DEBUG_INFO = NO;
				MTL_FAST_MATH = YES;
				SDKROOT = iphoneos;
				SWIFT_COMPILATION_MODE = wholemodule;
				SWIFT_OPTIMIZATION_LEVEL = "-O";
				VALIDATE_PRODUCT = YES;
			};
			name = Release;
		};
		717FFA96223799AB002E5C3B /* Debug */ = {
			isa = XCBuildConfiguration;
			buildSettings = {
				ASSETCATALOG_COMPILER_APPICON_NAME = AppIcon;
				CODE_SIGN_STYLE = Automatic;
				DEVELOPMENT_TEAM = ASHUNREKRL;
				INFOPLIST_FILE = Experiment/Info.plist;
				LD_RUNPATH_SEARCH_PATHS = (
					"$(inherited)",
					"@executable_path/Frameworks",
				);
				PRODUCT_BUNDLE_IDENTIFIER = com.Stockbit.Experiment;
				PRODUCT_NAME = "$(TARGET_NAME)";
				SWIFT_VERSION = 4.2;
				TARGETED_DEVICE_FAMILY = "1,2";
			};
			name = Debug;
		};
		717FFA97223799AB002E5C3B /* Release */ = {
			isa = XCBuildConfiguration;
			buildSettings = {
				ASSETCATALOG_COMPILER_APPICON_NAME = AppIcon;
				CODE_SIGN_STYLE = Automatic;
				DEVELOPMENT_TEAM = ASHUNREKRL;
				INFOPLIST_FILE = Experiment/Info.plist;
				LD_RUNPATH_SEARCH_PATHS = (
					"$(inherited)",
					"@executable_path/Frameworks",
				);
				PRODUCT_BUNDLE_IDENTIFIER = com.Stockbit.Experiment;
				PRODUCT_NAME = "$(TARGET_NAME)";
				SWIFT_VERSION = 4.2;
				TARGETED_DEVICE_FAMILY = "1,2";
			};
			name = Release;
		};
		717FFA99223799AB002E5C3B /* Debug */ = {
			isa = XCBuildConfiguration;
			buildSettings = {
				ALWAYS_EMBED_SWIFT_STANDARD_LIBRARIES = YES;
				BUNDLE_LOADER = "$(TEST_HOST)";
				CODE_SIGN_STYLE = Automatic;
				DEVELOPMENT_TEAM = ASHUNREKRL;
				INFOPLIST_FILE = ExperimentTests/Info.plist;
				LD_RUNPATH_SEARCH_PATHS = (
					"$(inherited)",
					"@executable_path/Frameworks",
					"@loader_path/Frameworks",
				);
				PRODUCT_BUNDLE_IDENTIFIER = com.Stockbit.ExperimentTests;
				PRODUCT_NAME = "$(TARGET_NAME)";
				SWIFT_VERSION = 4.2;
				TARGETED_DEVICE_FAMILY = "1,2";
				TEST_HOST = "$(BUILT_PRODUCTS_DIR)/Experiment.app/Experiment";
			};
			name = Debug;
		};
		717FFA9A223799AB002E5C3B /* Release */ = {
			isa = XCBuildConfiguration;
			buildSettings = {
				ALWAYS_EMBED_SWIFT_STANDARD_LIBRARIES = YES;
				BUNDLE_LOADER = "$(TEST_HOST)";
				CODE_SIGN_STYLE = Automatic;
				DEVELOPMENT_TEAM = ASHUNREKRL;
				INFOPLIST_FILE = ExperimentTests/Info.plist;
				LD_RUNPATH_SEARCH_PATHS = (
					"$(inherited)",
					"@executable_path/Frameworks",
					"@loader_path/Frameworks",
				);
				PRODUCT_BUNDLE_IDENTIFIER = com.Stockbit.ExperimentTests;
				PRODUCT_NAME = "$(TARGET_NAME)";
				SWIFT_VERSION = 4.2;
				TARGETED_DEVICE_FAMILY = "1,2";
				TEST_HOST = "$(BUILT_PRODUCTS_DIR)/Experiment.app/Experiment";
			};
			name = Release;
		};
		717FFA9C223799AB002E5C3B /* Debug */ = {
			isa = XCBuildConfiguration;
			buildSettings = {
				ALWAYS_EMBED_SWIFT_STANDARD_LIBRARIES = YES;
				CODE_SIGN_STYLE = Automatic;
				DEVELOPMENT_TEAM = ASHUNREKRL;
				INFOPLIST_FILE = ExperimentUITests/Info.plist;
				LD_RUNPATH_SEARCH_PATHS = (
					"$(inherited)",
					"@executable_path/Frameworks",
					"@loader_path/Frameworks",
				);
				PRODUCT_BUNDLE_IDENTIFIER = com.Stockbit.ExperimentUITests;
				PRODUCT_NAME = "$(TARGET_NAME)";
				SWIFT_VERSION = 4.2;
				TARGETED_DEVICE_FAMILY = "1,2";
				TEST_TARGET_NAME = Experiment;
			};
			name = Debug;
		};
		717FFA9D223799AB002E5C3B /* Release */ = {
			isa = XCBuildConfiguration;
			buildSettings = {
				ALWAYS_EMBED_SWIFT_STANDARD_LIBRARIES = YES;
				CODE_SIGN_STYLE = Automatic;
				DEVELOPMENT_TEAM = ASHUNREKRL;
				INFOPLIST_FILE = ExperimentUITests/Info.plist;
				LD_RUNPATH_SEARCH_PATHS = (
					"$(inherited)",
					"@executable_path/Frameworks",
					"@loader_path/Frameworks",
				);
				PRODUCT_BUNDLE_IDENTIFIER = com.Stockbit.ExperimentUITests;
				PRODUCT_NAME = "$(TARGET_NAME)";
				SWIFT_VERSION = 4.2;
				TARGETED_DEVICE_FAMILY = "1,2";
				TEST_TARGET_NAME = Experiment;
			};
			name = Release;
		};
/* End XCBuildConfiguration section */

/* Begin XCConfigurationList section */
		717FFA68223799A9002E5C3B /* Build configuration list for PBXProject "Experiment" */ = {
			isa = XCConfigurationList;
			buildConfigurations = (
				717FFA93223799AB002E5C3B /* Debug */,
				717FFA94223799AB002E5C3B /* Release */,
			);
			defaultConfigurationIsVisible = 0;
			defaultConfigurationName = Release;
		};
		717FFA95223799AB002E5C3B /* Build configuration list for PBXNativeTarget "Experiment" */ = {
			isa = XCConfigurationList;
			buildConfigurations = (
				717FFA96223799AB002E5C3B /* Debug */,
				717FFA97223799AB002E5C3B /* Release */,
			);
			defaultConfigurationIsVisible = 0;
			defaultConfigurationName = Release;
		};
		717FFA98223799AB002E5C3B /* Build configuration list for PBXNativeTarget "ExperimentTests" */ = {
			isa = XCConfigurationList;
			buildConfigurations = (
				717FFA99223799AB002E5C3B /* Debug */,
				717FFA9A223799AB002E5C3B /* Release */,
			);
			defaultConfigurationIsVisible = 0;
			defaultConfigurationName = Release;
		};
		717FFA9B223799AB002E5C3B /* Build configuration list for PBXNativeTarget "ExperimentUITests" */ = {
			isa = XCConfigurationList;
			buildConfigurations = (
				717FFA9C223799AB002E5C3B /* Debug */,
				717FFA9D223799AB002E5C3B /* Release */,
			);
			defaultConfigurationIsVisible = 0;
			defaultConfigurationName = Release;
		};
/* End XCConfigurationList section */
	};
	rootObject = 717FFA65223799A9002E5C3B /* Project object */;
}
